
Microsoft Visual Studio Solution File, Format Version 12.00
# Visual Studio Version 17
VisualStudioVersion = 17.10.35027.167
MinimumVisualStudioVersion = 10.0.40219.1
Project("{FAE04EC0-301F-11D3-BF4B-00C04F79EFBC}") = "Server", "Server\Server.csproj", "{DB15CA02-5D57-4343-9494-A2A25309528E}"
EndProject
Project("{FAE04EC0-301F-11D3-BF4B-00C04F79EFBC}") = "Client", "Client\Client.csproj", "{6E282E7F-6858-4DEC-9375-5C73A63953C2}"
EndProject
Project("{FAE04EC0-301F-11D3-BF4B-00C04F79EFBC}") = "ServerLibrary", "ServerLibrary\ServerLibrary.csproj", "{937ECB04-44AB-49B1-A966-B102A06793EE}"
EndProject
Project("{FAE04EC0-301F-11D3-BF4B-00C04F79EFBC}") = "ClientLibrary", "ClientLibrary\ClientLibrary.csproj", "{B59E936A-8039-4242-A2CA-B193C385FC92}"
EndProject
Project("{FAE04EC0-301F-11D3-BF4B-00C04F79EFBC}") = "BaseLibrary", "BaseLibrary\BaseLibrary.csproj", "{4C06BED9-AF61-4A42-9CA4-28F0E0DABC67}"
EndProject
Global
	GlobalSection(SolutionConfigurationPlatforms) = preSolution
		Debug|Any CPU = Debug|Any CPU
		Release|Any CPU = Release|Any CPU
	EndGlobalSection
	GlobalSection(ProjectConfigurationPlatforms) = postSolution
		{DB15CA02-5D57-4343-9494-A2A25309528E}.Debug|Any CPU.ActiveCfg = Debug|Any CPU
		{DB15CA02-5D57-4343-9494-A2A25309528E}.Debug|Any CPU.Build.0 = Debug|Any CPU
		{DB15CA02-5D57-4343-9494-A2A25309528E}.Release|Any CPU.ActiveCfg = Release|Any CPU
		{DB15CA02-5D57-4343-9494-A2A25309528E}.Release|Any CPU.Build.0 = Release|Any CPU
		{6E282E7F-6858-4DEC-9375-5C73A63953C2}.Debug|Any CPU.ActiveCfg = Debug|Any CPU
		{6E282E7F-6858-4DEC-9375-5C73A63953C2}.Debug|Any CPU.Build.0 = Debug|Any CPU
		{6E282E7F-6858-4DEC-9375-5C73A63953C2}.Release|Any CPU.ActiveCfg = Release|Any CPU
		{6E282E7F-6858-4DEC-9375-5C73A63953C2}.Release|Any CPU.Build.0 = Release|Any CPU
		{937ECB04-44AB-49B1-A966-B102A06793EE}.Debug|Any CPU.ActiveCfg = Debug|Any CPU
		{937ECB04-44AB-49B1-A966-B102A06793EE}.Debug|Any CPU.Build.0 = Debug|Any CPU
		{937ECB04-44AB-49B1-A966-B102A06793EE}.Release|Any CPU.ActiveCfg = Release|Any CPU
		{937ECB04-44AB-49B1-A966-B102A06793EE}.Release|Any CPU.Build.0 = Release|Any CPU
		{B59E936A-8039-4242-A2CA-B193C385FC92}.Debug|Any CPU.ActiveCfg = Debug|Any CPU
		{B59E936A-8039-4242-A2CA-B193C385FC92}.Debug|Any CPU.Build.0 = Debug|Any CPU
		{B59E936A-8039-4242-A2CA-B193C385FC92}.Release|Any CPU.ActiveCfg = Release|Any CPU
		{B59E936A-8039-4242-A2CA-B193C385FC92}.Release|Any CPU.Build.0 = Release|Any CPU
		{4C06BED9-AF61-4A42-9CA4-28F0E0DABC67}.Debug|Any CPU.ActiveCfg = Debug|Any CPU
		{4C06BED9-AF61-4A42-9CA4-28F0E0DABC67}.Debug|Any CPU.Build.0 = Debug|Any CPU
		{4C06BED9-AF61-4A42-9CA4-28F0E0DABC67}.Release|Any CPU.ActiveCfg = Release|Any CPU
		{4C06BED9-AF61-4A42-9CA4-28F0E0DABC67}.Release|Any CPU.Build.0 = Release|Any CPU
	EndGlobalSection
	GlobalSection(SolutionProperties) = preSolution
		HideSolutionNode = FALSE
	EndGlobalSection
	GlobalSection(ExtensibilityGlobals) = postSolution
		SolutionGuid = {1D42527C-B6F2-43D7-94FC-48AAB8FA61A1}
	EndGlobalSection
EndGlobal
